
Microsoft Visual Studio Solution File, Format Version 12.00
# Visual Studio Version 16
VisualStudioVersion = 16.0.29418.71
MinimumVisualStudioVersion = 10.0.40219.1
Project("{FAE04EC0-301F-11D3-BF4B-00C04F79EFBC}") = "VilaPinheiro", "VilaPinheiro\VilaPinheiro.csproj", "{1043A96C-D841-4868-B349-E210B57FD055}"
EndProject
Project("{FAE04EC0-301F-11D3-BF4B-00C04F79EFBC}") = "Domain", "Domain\Domain.csproj", "{EE1E3708-6753-42AC-9BFB-F491AB46894D}"
EndProject
Global
	GlobalSection(SolutionConfigurationPlatforms) = preSolution
		Debug|Any CPU = Debug|Any CPU
		Release|Any CPU = Release|Any CPU
	EndGlobalSection
	GlobalSection(ProjectConfigurationPlatforms) = postSolution
		{1043A96C-D841-4868-B349-E210B57FD055}.Debug|Any CPU.ActiveCfg = Debug|Any CPU
		{1043A96C-D841-4868-B349-E210B57FD055}.Debug|Any CPU.Build.0 = Debug|Any CPU
		{1043A96C-D841-4868-B349-E210B57FD055}.Release|Any CPU.ActiveCfg = Release|Any CPU
		{1043A96C-D841-4868-B349-E210B57FD055}.Release|Any CPU.Build.0 = Release|Any CPU
		{EE1E3708-6753-42AC-9BFB-F491AB46894D}.Debug|Any CPU.ActiveCfg = Debug|Any CPU
		{EE1E3708-6753-42AC-9BFB-F491AB46894D}.Debug|Any CPU.Build.0 = Debug|Any CPU
		{EE1E3708-6753-42AC-9BFB-F491AB46894D}.Release|Any CPU.ActiveCfg = Release|Any CPU
		{EE1E3708-6753-42AC-9BFB-F491AB46894D}.Release|Any CPU.Build.0 = Release|Any CPU
	EndGlobalSection
	GlobalSection(SolutionProperties) = preSolution
		HideSolutionNode = FALSE
	EndGlobalSection
	GlobalSection(ExtensibilityGlobals) = postSolution
		SolutionGuid = {ECB873AF-57D2-441E-89EE-F3D006E767BC}
	EndGlobalSection
EndGlobal
