
Microsoft Visual Studio Solution File, Format Version 12.00
# Visual Studio Version 16
VisualStudioVersion = 16.0.29418.71
MinimumVisualStudioVersion = 10.0.40219.1
Project("{9A19103F-16F7-4668-BE54-9A1E7A4F7556}") = "VilaPinheiro", "VilaPinheiro\VilaPinheiro.csproj", "{831E4D77-4DBC-44E1-9419-724D7354A3F1}"
EndProject
Project("{9A19103F-16F7-4668-BE54-9A1E7A4F7556}") = "Domain", "Domain\Domain.csproj", "{C90BBDA6-F757-4583-B1FA-3ACB501E7105}"
EndProject
Global
	GlobalSection(SolutionConfigurationPlatforms) = preSolution
		Debug|Any CPU = Debug|Any CPU
		Release|Any CPU = Release|Any CPU
	EndGlobalSection
	GlobalSection(ProjectConfigurationPlatforms) = postSolution
		{831E4D77-4DBC-44E1-9419-724D7354A3F1}.Debug|Any CPU.ActiveCfg = Debug|Any CPU
		{831E4D77-4DBC-44E1-9419-724D7354A3F1}.Debug|Any CPU.Build.0 = Debug|Any CPU
		{831E4D77-4DBC-44E1-9419-724D7354A3F1}.Release|Any CPU.ActiveCfg = Release|Any CPU
		{831E4D77-4DBC-44E1-9419-724D7354A3F1}.Release|Any CPU.Build.0 = Release|Any CPU
		{C90BBDA6-F757-4583-B1FA-3ACB501E7105}.Debug|Any CPU.ActiveCfg = Debug|Any CPU
		{C90BBDA6-F757-4583-B1FA-3ACB501E7105}.Debug|Any CPU.Build.0 = Debug|Any CPU
		{C90BBDA6-F757-4583-B1FA-3ACB501E7105}.Release|Any CPU.ActiveCfg = Release|Any CPU
		{C90BBDA6-F757-4583-B1FA-3ACB501E7105}.Release|Any CPU.Build.0 = Release|Any CPU
	EndGlobalSection
	GlobalSection(SolutionProperties) = preSolution
		HideSolutionNode = FALSE
	EndGlobalSection
	GlobalSection(ExtensibilityGlobals) = postSolution
		SolutionGuid = {5FD3B681-868B-4C23-9836-FFDE9A262B5E}
	EndGlobalSection
EndGlobal
